Microsoft Visual Studio Solution File, Format Version 12.00
# Visual Studio 15
VisualStudioVersion = 15.0.26730.12
MinimumVisualStudioVersion = 15.0.26124.0
Project("{9A19103F-16F7-4668-BE54-9A1E7A4F7556}") = "NameInProgress", "src\NameInProgress\NameInProgress.csproj", "{4B1FB0A0-C4CC-4F5D-8920-0F2FA51A216D}"
EndProject
Project("{9A19103F-16F7-4668-BE54-9A1E7A4F7556}") = "NameInProgress.Runner", "src\NameInProgress.Runner\NameInProgress.Runner.csproj", "{80AC631F-8880-458F-BE19-982DFF78CBEF}"
EndProject
Project("{2150E333-8FDC-42A3-9474-1A3956D46DE8}") = "src", "src", "{27F17D14-4E0C-4C74-9CEB-F3819D9BE230}"
EndProject
Project("{2150E333-8FDC-42A3-9474-1A3956D46DE8}") = "Solution Items", "Solution Items", "{27DF92B2-0F7D-430C-840B-AF1AD27CB399}"
	ProjectSection(SolutionItems) = preProject
		.editorconfig = .editorconfig
	EndProjectSection
EndProject
Project("{2150E333-8FDC-42A3-9474-1A3956D46DE8}") = "test", "test", "{B40C089E-4BE5-4CD9-86B1-30D733BCF726}"
EndProject
Project("{9A19103F-16F7-4668-BE54-9A1E7A4F7556}") = "NameInProgress.Tests", "test\NameInProgress.Tests\NameInProgress.Tests.csproj", "{C8DB3B31-493E-48BA-8B5E-221A7AF5BDBB}"
EndProject
Project("{9A19103F-16F7-4668-BE54-9A1E7A4F7556}") = "NameInProgress.Tests.Data", "test\NameInProgress.Tests.Data\NameInProgress.Tests.Data.csproj", "{91D24523-0E25-498D-A500-CEECECC4EEB8}"
EndProject
Global
	GlobalSection(SolutionConfigurationPlatforms) = preSolution
		Debug|Any CPU = Debug|Any CPU
		Release|Any CPU = Release|Any CPU
	EndGlobalSection
	GlobalSection(ProjectConfigurationPlatforms) = postSolution
		{4B1FB0A0-C4CC-4F5D-8920-0F2FA51A216D}.Debug|Any CPU.ActiveCfg = Debug|Any CPU
		{4B1FB0A0-C4CC-4F5D-8920-0F2FA51A216D}.Debug|Any CPU.Build.0 = Debug|Any CPU
		{4B1FB0A0-C4CC-4F5D-8920-0F2FA51A216D}.Release|Any CPU.ActiveCfg = Release|Any CPU
		{4B1FB0A0-C4CC-4F5D-8920-0F2FA51A216D}.Release|Any CPU.Build.0 = Release|Any CPU
		{80AC631F-8880-458F-BE19-982DFF78CBEF}.Debug|Any CPU.ActiveCfg = Debug|Any CPU
		{80AC631F-8880-458F-BE19-982DFF78CBEF}.Debug|Any CPU.Build.0 = Debug|Any CPU
		{80AC631F-8880-458F-BE19-982DFF78CBEF}.Release|Any CPU.ActiveCfg = Release|Any CPU
		{80AC631F-8880-458F-BE19-982DFF78CBEF}.Release|Any CPU.Build.0 = Release|Any CPU
		{C8DB3B31-493E-48BA-8B5E-221A7AF5BDBB}.Debug|Any CPU.ActiveCfg = Debug|Any CPU
		{C8DB3B31-493E-48BA-8B5E-221A7AF5BDBB}.Debug|Any CPU.Build.0 = Debug|Any CPU
		{C8DB3B31-493E-48BA-8B5E-221A7AF5BDBB}.Release|Any CPU.ActiveCfg = Release|Any CPU
		{C8DB3B31-493E-48BA-8B5E-221A7AF5BDBB}.Release|Any CPU.Build.0 = Release|Any CPU
		{91D24523-0E25-498D-A500-CEECECC4EEB8}.Debug|Any CPU.ActiveCfg = Debug|Any CPU
		{91D24523-0E25-498D-A500-CEECECC4EEB8}.Debug|Any CPU.Build.0 = Debug|Any CPU
		{91D24523-0E25-498D-A500-CEECECC4EEB8}.Release|Any CPU.ActiveCfg = Release|Any CPU
		{91D24523-0E25-498D-A500-CEECECC4EEB8}.Release|Any CPU.Build.0 = Release|Any CPU
	EndGlobalSection
	GlobalSection(SolutionProperties) = preSolution
		HideSolutionNode = FALSE
	EndGlobalSection
	GlobalSection(NestedProjects) = preSolution
		{4B1FB0A0-C4CC-4F5D-8920-0F2FA51A216D} = {27F17D14-4E0C-4C74-9CEB-F3819D9BE230}
		{80AC631F-8880-458F-BE19-982DFF78CBEF} = {27F17D14-4E0C-4C74-9CEB-F3819D9BE230}
		{C8DB3B31-493E-48BA-8B5E-221A7AF5BDBB} = {B40C089E-4BE5-4CD9-86B1-30D733BCF726}
		{91D24523-0E25-498D-A500-CEECECC4EEB8} = {B40C089E-4BE5-4CD9-86B1-30D733BCF726}
	EndGlobalSection
	GlobalSection(ExtensibilityGlobals) = postSolution
		SolutionGuid = {51BC5A0E-46AF-4A78-8BEC-CB18A98559AA}
	EndGlobalSection
EndGlobal
